
Microsoft Visual Studio Solution File, Format Version 12.00
# Visual Studio Version 16
VisualStudioVersion = 16.0.33130.400
MinimumVisualStudioVersion = 10.0.40219.1
Project("{FAE04EC0-301F-11D3-BF4B-00C04F79EFBC}") = "Siesa_punto1", "Siesa_punto1.csproj", "{4E7BCB39-C434-480D-90D8-0333B5805F0D}"
EndProject
Project("{FAE04EC0-301F-11D3-BF4B-00C04F79EFBC}") = "Siesa_punto2", "Siesa_punto2\Siesa_punto2.csproj", "{11ADE6AA-41C4-498D-B3B7-62359861BAA0}"
EndProject
Global
	GlobalSection(SolutionConfigurationPlatforms) = preSolution
		Debug|Any CPU = Debug|Any CPU
		Release|Any CPU = Release|Any CPU
	EndGlobalSection
	GlobalSection(ProjectConfigurationPlatforms) = postSolution
		{4E7BCB39-C434-480D-90D8-0333B5805F0D}.Debug|Any CPU.ActiveCfg = Debug|Any CPU
		{4E7BCB39-C434-480D-90D8-0333B5805F0D}.Debug|Any CPU.Build.0 = Debug|Any CPU
		{4E7BCB39-C434-480D-90D8-0333B5805F0D}.Release|Any CPU.ActiveCfg = Release|Any CPU
		{4E7BCB39-C434-480D-90D8-0333B5805F0D}.Release|Any CPU.Build.0 = Release|Any CPU
		{11ADE6AA-41C4-498D-B3B7-62359861BAA0}.Debug|Any CPU.ActiveCfg = Debug|Any CPU
		{11ADE6AA-41C4-498D-B3B7-62359861BAA0}.Debug|Any CPU.Build.0 = Debug|Any CPU
		{11ADE6AA-41C4-498D-B3B7-62359861BAA0}.Release|Any CPU.ActiveCfg = Release|Any CPU
		{11ADE6AA-41C4-498D-B3B7-62359861BAA0}.Release|Any CPU.Build.0 = Release|Any CPU
	EndGlobalSection
	GlobalSection(SolutionProperties) = preSolution
		HideSolutionNode = FALSE
	EndGlobalSection
	GlobalSection(ExtensibilityGlobals) = postSolution
		SolutionGuid = {9786A4AA-7492-4834-965B-30B192F75833}
	EndGlobalSection
EndGlobal
